// !$*UTF8*$!
{
	archiveVersion = 1;
	classes = {
	};
	objectVersion = 56;
	objects = {

/* Begin PBXBuildFile section */
		0B663A3B2B7B1BC800740E20 /* RecipesTableViewCell.swift in Sources */ = {isa = PBXBuildFile; fileRef = 0B663A3A2B7B1BC800740E20 /* RecipesTableViewCell.swift */; };
		3853E24C2B7AF33D009C071C /* CartViewController.swift in Sources */ = {isa = PBXBuildFile; fileRef = 3853E24B2B7AF33D009C071C /* CartViewController.swift */; };
		3853E24E2B7AF348009C071C /* ProfileViewController.swift in Sources */ = {isa = PBXBuildFile; fileRef = 3853E24D2B7AF348009C071C /* ProfileViewController.swift */; };
		3853E25A2B7AF756009C071C /* AppCoordinator.swift in Sources */ = {isa = PBXBuildFile; fileRef = 3853E2592B7AF756009C071C /* AppCoordinator.swift */; };
		3853E25C2B7B0069009C071C /* RecipeDetails.storyboard in Resources */ = {isa = PBXBuildFile; fileRef = 3853E25B2B7B0069009C071C /* RecipeDetails.storyboard */; };
		386439202B87BFB900427864 /* UserDefaultManager.swift in Sources */ = {isa = PBXBuildFile; fileRef = 3864391F2B87BFB900427864 /* UserDefaultManager.swift */; };
		386439262B87C27600427864 /* AddRecipeModel.swift in Sources */ = {isa = PBXBuildFile; fileRef = 386439252B87C27600427864 /* AddRecipeModel.swift */; };
		387EDF582BB3B30A000BAED5 /* Pods_DishDeck.framework in Frameworks */ = {isa = PBXBuildFile; fileRef = 425C31757F5DE55C4B5F784C /* Pods_DishDeck.framework */; settings = {ATTRIBUTES = (Weak, ); }; };
		387EDF5E2BB3B57F000BAED5 /* ShoppingWishlistTableViewCell.swift in Sources */ = {isa = PBXBuildFile; fileRef = 387EDF5C2BB3B57F000BAED5 /* ShoppingWishlistTableViewCell.swift */; };
		387EDF5F2BB3B57F000BAED5 /* ShoppingWishlistTableViewCell.xib in Resources */ = {isa = PBXBuildFile; fileRef = 387EDF5D2BB3B57F000BAED5 /* ShoppingWishlistTableViewCell.xib */; };
		388D43222BC2FC2800F08FF4 /* Localizable.strings in Resources */ = {isa = PBXBuildFile; fileRef = 388D43242BC2FC2800F08FF4 /* Localizable.strings */; };
		38CFEA462B96D72100B844A7 /* Util.swift in Sources */ = {isa = PBXBuildFile; fileRef = 38CFEA452B96D72100B844A7 /* Util.swift */; };
		38CFEA4C2B98093400B844A7 /* AddIngredientsTableViewCell.swift in Sources */ = {isa = PBXBuildFile; fileRef = 38CFEA4B2B98093400B844A7 /* AddIngredientsTableViewCell.swift */; };
		38CFEA4E2B98134300B844A7 /* AddStepsTableViewCell.swift in Sources */ = {isa = PBXBuildFile; fileRef = 38CFEA4D2B98134300B844A7 /* AddStepsTableViewCell.swift */; };
		38CFEA512B98169B00B844A7 /* RecipeCellModel.swift in Sources */ = {isa = PBXBuildFile; fileRef = 38CFEA502B98169B00B844A7 /* RecipeCellModel.swift */; };
		38E3A7C52BB515DC007FE1F6 /* IngredientList.storyboard in Resources */ = {isa = PBXBuildFile; fileRef = 38E3A7C42BB515DC007FE1F6 /* IngredientList.storyboard */; };
		38E3A7C72BB5160F007FE1F6 /* IngredientListViewController.swift in Sources */ = {isa = PBXBuildFile; fileRef = 38E3A7C62BB5160F007FE1F6 /* IngredientListViewController.swift */; };
		542D02012B5F71FC00C0B971 /* AppDelegate.swift in Sources */ = {isa = PBXBuildFile; fileRef = 542D02002B5F71FC00C0B971 /* AppDelegate.swift */; };
		542D02032B5F71FC00C0B971 /* SceneDelegate.swift in Sources */ = {isa = PBXBuildFile; fileRef = 542D02022B5F71FC00C0B971 /* SceneDelegate.swift */; };
		542D02052B5F71FC00C0B971 /* ViewController.swift in Sources */ = {isa = PBXBuildFile; fileRef = 542D02042B5F71FC00C0B971 /* ViewController.swift */; };
		542D02082B5F71FC00C0B971 /* Main.storyboard in Resources */ = {isa = PBXBuildFile; fileRef = 542D02062B5F71FC00C0B971 /* Main.storyboard */; };
		542D020A2B5F71FD00C0B971 /* Assets.xcassets in Resources */ = {isa = PBXBuildFile; fileRef = 542D02092B5F71FD00C0B971 /* Assets.xcassets */; };
		542D020D2B5F71FD00C0B971 /* LaunchScreen.storyboard in Resources */ = {isa = PBXBuildFile; fileRef = 542D020B2B5F71FD00C0B971 /* LaunchScreen.storyboard */; };
		54A5010E2B7B1BD900DF95B2 /* IngredientsTableViewCell.swift in Sources */ = {isa = PBXBuildFile; fileRef = 54A5010D2B7B1BD900DF95B2 /* IngredientsTableViewCell.swift */; };
		54A501102B7B1C2C00DF95B2 /* CookingStepsTableViewCell.swift in Sources */ = {isa = PBXBuildFile; fileRef = 54A5010F2B7B1C2C00DF95B2 /* CookingStepsTableViewCell.swift */; };
		54A501122B7B1D1C00DF95B2 /* RecipeDetailsViewController.swift in Sources */ = {isa = PBXBuildFile; fileRef = 54A501112B7B1D1C00DF95B2 /* RecipeDetailsViewController.swift */; };
		9BC848572B7C55FD000BC5FE /* AddRecipeViewController.swift in Sources */ = {isa = PBXBuildFile; fileRef = 9BC848562B7C55FD000BC5FE /* AddRecipeViewController.swift */; };
		9BC848592B7C560E000BC5FE /* AddRecipe.storyboard in Resources */ = {isa = PBXBuildFile; fileRef = 9BC848582B7C560E000BC5FE /* AddRecipe.storyboard */; };
/* End PBXBuildFile section */

/* Begin PBXFileReference section */
		0B663A3A2B7B1BC800740E20 /* RecipesTableViewCell.swift */ = {isa = PBXFileReference; lastKnownFileType = sourcecode.swift; path = RecipesTableViewCell.swift; sourceTree = "<group>"; };
		3853E24B2B7AF33D009C071C /* CartViewController.swift */ = {isa = PBXFileReference; lastKnownFileType = sourcecode.swift; path = CartViewController.swift; sourceTree = "<group>"; };
		3853E24D2B7AF348009C071C /* ProfileViewController.swift */ = {isa = PBXFileReference; lastKnownFileType = sourcecode.swift; path = ProfileViewController.swift; sourceTree = "<group>"; };
		3853E2592B7AF756009C071C /* AppCoordinator.swift */ = {isa = PBXFileReference; lastKnownFileType = sourcecode.swift; path = AppCoordinator.swift; sourceTree = "<group>"; };
		3853E25B2B7B0069009C071C /* RecipeDetails.storyboard */ = {isa = PBXFileReference; lastKnownFileType = file.storyboard; path = RecipeDetails.storyboard; sourceTree = "<group>"; };
		3864391F2B87BFB900427864 /* UserDefaultManager.swift */ = {isa = PBXFileReference; lastKnownFileType = sourcecode.swift; path = UserDefaultManager.swift; sourceTree = "<group>"; };
		386439252B87C27600427864 /* AddRecipeModel.swift */ = {isa = PBXFileReference; lastKnownFileType = sourcecode.swift; path = AddRecipeModel.swift; sourceTree = "<group>"; };
		387EDF5C2BB3B57F000BAED5 /* ShoppingWishlistTableViewCell.swift */ = {isa = PBXFileReference; lastKnownFileType = sourcecode.swift; path = ShoppingWishlistTableViewCell.swift; sourceTree = "<group>"; };
		387EDF5D2BB3B57F000BAED5 /* ShoppingWishlistTableViewCell.xib */ = {isa = PBXFileReference; lastKnownFileType = file.xib; path = ShoppingWishlistTableViewCell.xib; sourceTree = "<group>"; };
		388D431C2BC2FAEB00F08FF4 /* fr */ = {isa = PBXFileReference; lastKnownFileType = text.plist.strings; name = fr; path = fr.lproj/Main.strings; sourceTree = "<group>"; };
		388D431D2BC2FAEB00F08FF4 /* fr */ = {isa = PBXFileReference; lastKnownFileType = text.plist.strings; name = fr; path = fr.lproj/LaunchScreen.strings; sourceTree = "<group>"; };
		388D431F2BC2FB1500F08FF4 /* en */ = {isa = PBXFileReference; lastKnownFileType = text.plist.strings; name = en; path = en.lproj/Main.strings; sourceTree = "<group>"; };
		388D43232BC2FC2800F08FF4 /* en */ = {isa = PBXFileReference; lastKnownFileType = text.plist.strings; name = en; path = en.lproj/Localizable.strings; sourceTree = "<group>"; };
		388D43252BC2FC2B00F08FF4 /* fr */ = {isa = PBXFileReference; lastKnownFileType = text.plist.strings; name = fr; path = fr.lproj/Localizable.strings; sourceTree = "<group>"; };
		38CFEA452B96D72100B844A7 /* Util.swift */ = {isa = PBXFileReference; lastKnownFileType = sourcecode.swift; path = Util.swift; sourceTree = "<group>"; };
		38CFEA4B2B98093400B844A7 /* AddIngredientsTableViewCell.swift */ = {isa = PBXFileReference; lastKnownFileType = sourcecode.swift; path = AddIngredientsTableViewCell.swift; sourceTree = "<group>"; };
		38CFEA4D2B98134300B844A7 /* AddStepsTableViewCell.swift */ = {isa = PBXFileReference; lastKnownFileType = sourcecode.swift; path = AddStepsTableViewCell.swift; sourceTree = "<group>"; };
		38CFEA502B98169B00B844A7 /* RecipeCellModel.swift */ = {isa = PBXFileReference; lastKnownFileType = sourcecode.swift; path = RecipeCellModel.swift; sourceTree = "<group>"; };
		38E3A7C42BB515DC007FE1F6 /* IngredientList.storyboard */ = {isa = PBXFileReference; lastKnownFileType = file.storyboard; path = IngredientList.storyboard; sourceTree = "<group>"; };
		38E3A7C62BB5160F007FE1F6 /* IngredientListViewController.swift */ = {isa = PBXFileReference; lastKnownFileType = sourcecode.swift; path = IngredientListViewController.swift; sourceTree = "<group>"; };
		425C31757F5DE55C4B5F784C /* Pods_DishDeck.framework */ = {isa = PBXFileReference; explicitFileType = wrapper.framework; includeInIndex = 0; path = Pods_DishDeck.framework; sourceTree = BUILT_PRODUCTS_DIR; };
		4F550E7FB77F9261ECD72A28 /* Pods-DishDeck.debug.xcconfig */ = {isa = PBXFileReference; includeInIndex = 1; lastKnownFileType = text.xcconfig; name = "Pods-DishDeck.debug.xcconfig"; path = "Target Support Files/Pods-DishDeck/Pods-DishDeck.debug.xcconfig"; sourceTree = "<group>"; };
		542D01FD2B5F71FC00C0B971 /* DishDeck.app */ = {isa = PBXFileReference; explicitFileType = wrapper.application; includeInIndex = 0; path = DishDeck.app; sourceTree = BUILT_PRODUCTS_DIR; };
		542D02002B5F71FC00C0B971 /* AppDelegate.swift */ = {isa = PBXFileReference; lastKnownFileType = sourcecode.swift; path = AppDelegate.swift; sourceTree = "<group>"; };
		542D02022B5F71FC00C0B971 /* SceneDelegate.swift */ = {isa = PBXFileReference; lastKnownFileType = sourcecode.swift; path = SceneDelegate.swift; sourceTree = "<group>"; };
		542D02042B5F71FC00C0B971 /* ViewController.swift */ = {isa = PBXFileReference; lastKnownFileType = sourcecode.swift; path = ViewController.swift; sourceTree = "<group>"; };
		542D02072B5F71FC00C0B971 /* Base */ = {isa = PBXFileReference; lastKnownFileType = file.storyboard; name = Base; path = Base.lproj/Main.storyboard; sourceTree = "<group>"; };
		542D02092B5F71FD00C0B971 /* Assets.xcassets */ = {isa = PBXFileReference; lastKnownFileType = folder.assetcatalog; path = Assets.xcassets; sourceTree = "<group>"; };
		542D020C2B5F71FD00C0B971 /* Base */ = {isa = PBXFileReference; lastKnownFileType = file.storyboard; name = Base; path = Base.lproj/LaunchScreen.storyboard; sourceTree = "<group>"; };
		542D020E2B5F71FD00C0B971 /* Info.plist */ = {isa = PBXFileReference; lastKnownFileType = text.plist.xml; path = Info.plist; sourceTree = "<group>"; };
		54A5010D2B7B1BD900DF95B2 /* IngredientsTableViewCell.swift */ = {isa = PBXFileReference; lastKnownFileType = sourcecode.swift; path = IngredientsTableViewCell.swift; sourceTree = "<group>"; };
		54A5010F2B7B1C2C00DF95B2 /* CookingStepsTableViewCell.swift */ = {isa = PBXFileReference; lastKnownFileType = sourcecode.swift; path = CookingStepsTableViewCell.swift; sourceTree = "<group>"; };
		54A501112B7B1D1C00DF95B2 /* RecipeDetailsViewController.swift */ = {isa = PBXFileReference; fileEncoding = 4; lastKnownFileType = sourcecode.swift; path = RecipeDetailsViewController.swift; sourceTree = "<group>"; };
		9BC848562B7C55FD000BC5FE /* AddRecipeViewController.swift */ = {isa = PBXFileReference; lastKnownFileType = sourcecode.swift; path = AddRecipeViewController.swift; sourceTree = "<group>"; };
		9BC848582B7C560E000BC5FE /* AddRecipe.storyboard */ = {isa = PBXFileReference; lastKnownFileType = file.storyboard; path = AddRecipe.storyboard; sourceTree = "<group>"; };
		DFC8B1C85981B46921AD0B0F /* Pods-DishDeck.release.xcconfig */ = {isa = PBXFileReference; includeInIndex = 1; lastKnownFileType = text.xcconfig; name = "Pods-DishDeck.release.xcconfig"; path = "Target Support Files/Pods-DishDeck/Pods-DishDeck.release.xcconfig"; sourceTree = "<group>"; };
/* End PBXFileReference section */

/* Begin PBXFrameworksBuildPhase section */
		542D01FA2B5F71FC00C0B971 /* Frameworks */ = {
			isa = PBXFrameworksBuildPhase;
			buildActionMask = 2147483647;
			files = (
				387EDF582BB3B30A000BAED5 /* Pods_DishDeck.framework in Frameworks */,
			);
			runOnlyForDeploymentPostprocessing = 0;
		};
/* End PBXFrameworksBuildPhase section */

/* Begin PBXGroup section */
		0F69408A5125933C5D7D498C /* Frameworks */ = {
			isa = PBXGroup;
			children = (
				425C31757F5DE55C4B5F784C /* Pods_DishDeck.framework */,
			);
			name = Frameworks;
			sourceTree = "<group>";
		};
		3853E2512B7AF44F009C071C /* Home */ = {
			isa = PBXGroup;
			children = (
				386439242B87C25600427864 /* Model */,
				386439232B87C22F00427864 /* Storyboard */,
				386439222B87C1FC00427864 /* Cells */,
				54A501112B7B1D1C00DF95B2 /* RecipeDetailsViewController.swift */,
				542D02042B5F71FC00C0B971 /* ViewController.swift */,
				0B663A3A2B7B1BC800740E20 /* RecipesTableViewCell.swift */,
			);
			path = Home;
			sourceTree = "<group>";
		};
		3853E2572B7AF49C009C071C /* Profile */ = {
			isa = PBXGroup;
			children = (
				38CFEA4F2B98168D00B844A7 /* Model */,
				38CFEA4A2B98092100B844A7 /* Cells */,
				3853E24D2B7AF348009C071C /* ProfileViewController.swift */,
				9BC848562B7C55FD000BC5FE /* AddRecipeViewController.swift */,
			);
			path = Profile;
			sourceTree = "<group>";
		};
		3853E2582B7AF534009C071C /* Cart */ = {
			isa = PBXGroup;
			children = (
				387EDF5B2BB3B55B000BAED5 /* View */,
				3853E24B2B7AF33D009C071C /* CartViewController.swift */,
				38E3A7C62BB5160F007FE1F6 /* IngredientListViewController.swift */,
				38E3A7C42BB515DC007FE1F6 /* IngredientList.storyboard */,
			);
			path = Cart;
			sourceTree = "<group>";
		};
		3864391E2B87BF7400427864 /* Utilities */ = {
			isa = PBXGroup;
			children = (
				3864391F2B87BFB900427864 /* UserDefaultManager.swift */,
				38CFEA452B96D72100B844A7 /* Util.swift */,
				388D43242BC2FC2800F08FF4 /* Localizable.strings */,
			);
			name = Utilities;
			sourceTree = "<group>";
		};
		386439212B87C1B100427864 /* App */ = {
			isa = PBXGroup;
			children = (
				542D02002B5F71FC00C0B971 /* AppDelegate.swift */,
				3853E2592B7AF756009C071C /* AppCoordinator.swift */,
				542D02022B5F71FC00C0B971 /* SceneDelegate.swift */,
			);
			name = App;
			sourceTree = "<group>";
		};
		386439222B87C1FC00427864 /* Cells */ = {
			isa = PBXGroup;
			children = (
				54A5010D2B7B1BD900DF95B2 /* IngredientsTableViewCell.swift */,
				54A5010F2B7B1C2C00DF95B2 /* CookingStepsTableViewCell.swift */,
			);
			path = Cells;
			sourceTree = "<group>";
		};
		386439232B87C22F00427864 /* Storyboard */ = {
			isa = PBXGroup;
			children = (
				542D02062B5F71FC00C0B971 /* Main.storyboard */,
				9BC848582B7C560E000BC5FE /* AddRecipe.storyboard */,
				3853E25B2B7B0069009C071C /* RecipeDetails.storyboard */,
			);
			path = Storyboard;
			sourceTree = "<group>";
		};
		386439242B87C25600427864 /* Model */ = {
			isa = PBXGroup;
			children = (
				386439252B87C27600427864 /* AddRecipeModel.swift */,
			);
			path = Model;
			sourceTree = "<group>";
		};
		387EDF5B2BB3B55B000BAED5 /* View */ = {
			isa = PBXGroup;
			children = (
				387EDF5C2BB3B57F000BAED5 /* ShoppingWishlistTableViewCell.swift */,
				387EDF5D2BB3B57F000BAED5 /* ShoppingWishlistTableViewCell.xib */,
			);
			path = View;
			sourceTree = "<group>";
		};
		38CFEA4A2B98092100B844A7 /* Cells */ = {
			isa = PBXGroup;
			children = (
				38CFEA4B2B98093400B844A7 /* AddIngredientsTableViewCell.swift */,
				38CFEA4D2B98134300B844A7 /* AddStepsTableViewCell.swift */,
			);
			path = Cells;
			sourceTree = "<group>";
		};
		38CFEA4F2B98168D00B844A7 /* Model */ = {
			isa = PBXGroup;
			children = (
				38CFEA502B98169B00B844A7 /* RecipeCellModel.swift */,
			);
			path = Model;
			sourceTree = "<group>";
		};
		542D01F42B5F71FB00C0B971 = {
			isa = PBXGroup;
			children = (
				542D01FF2B5F71FC00C0B971 /* DishDeck */,
				542D01FE2B5F71FC00C0B971 /* Products */,
				578FE9D502895AE9F2E715AD /* Pods */,
				0F69408A5125933C5D7D498C /* Frameworks */,
			);
			sourceTree = "<group>";
		};
		542D01FE2B5F71FC00C0B971 /* Products */ = {
			isa = PBXGroup;
			children = (
				542D01FD2B5F71FC00C0B971 /* DishDeck.app */,
			);
			name = Products;
			sourceTree = "<group>";
		};
		542D01FF2B5F71FC00C0B971 /* DishDeck */ = {
			isa = PBXGroup;
			children = (
				386439212B87C1B100427864 /* App */,
				3853E2512B7AF44F009C071C /* Home */,
				3853E2582B7AF534009C071C /* Cart */,
				3853E2572B7AF49C009C071C /* Profile */,
				3864391E2B87BF7400427864 /* Utilities */,
				542D02092B5F71FD00C0B971 /* Assets.xcassets */,
				542D020B2B5F71FD00C0B971 /* LaunchScreen.storyboard */,
				542D020E2B5F71FD00C0B971 /* Info.plist */,
			);
			path = DishDeck;
			sourceTree = "<group>";
		};
		578FE9D502895AE9F2E715AD /* Pods */ = {
			isa = PBXGroup;
			children = (
				4F550E7FB77F9261ECD72A28 /* Pods-DishDeck.debug.xcconfig */,
				DFC8B1C85981B46921AD0B0F /* Pods-DishDeck.release.xcconfig */,
			);
			path = Pods;
			sourceTree = "<group>";
		};
/* End PBXGroup section */

/* Begin PBXNativeTarget section */
		542D01FC2B5F71FC00C0B971 /* DishDeck */ = {
			isa = PBXNativeTarget;
			buildConfigurationList = 542D02112B5F71FD00C0B971 /* Build configuration list for PBXNativeTarget "DishDeck" */;
			buildPhases = (
				6CE5C849CC725F7D5A087B7D /* [CP] Check Pods Manifest.lock */,
				542D01F92B5F71FC00C0B971 /* Sources */,
				542D01FA2B5F71FC00C0B971 /* Frameworks */,
				542D01FB2B5F71FC00C0B971 /* Resources */,
				F22BCDD606EF139C80C6AAE3 /* [CP] Embed Pods Frameworks */,
			);
			buildRules = (
			);
			dependencies = (
			);
			name = DishDeck;
			productName = DishDeck;
			productReference = 542D01FD2B5F71FC00C0B971 /* DishDeck.app */;
			productType = "com.apple.product-type.application";
		};
/* End PBXNativeTarget section */

/* Begin PBXProject section */
		542D01F52B5F71FB00C0B971 /* Project object */ = {
			isa = PBXProject;
			attributes = {
				BuildIndependentTargetsInParallel = 1;
				LastSwiftUpdateCheck = 1500;
				LastUpgradeCheck = 1500;
				TargetAttributes = {
					542D01FC2B5F71FC00C0B971 = {
						CreatedOnToolsVersion = 15.0.1;
					};
				};
			};
			buildConfigurationList = 542D01F82B5F71FB00C0B971 /* Build configuration list for PBXProject "DishDeck" */;
			compatibilityVersion = "Xcode 14.0";
			developmentRegion = en;
			hasScannedForEncodings = 0;
			knownRegions = (
				en,
				Base,
				fr,
			);
			mainGroup = 542D01F42B5F71FB00C0B971;
			productRefGroup = 542D01FE2B5F71FC00C0B971 /* Products */;
			projectDirPath = "";
			projectRoot = "";
			targets = (
				542D01FC2B5F71FC00C0B971 /* DishDeck */,
			);
		};
/* End PBXProject section */

/* Begin PBXResourcesBuildPhase section */
		542D01FB2B5F71FC00C0B971 /* Resources */ = {
			isa = PBXResourcesBuildPhase;
			buildActionMask = 2147483647;
			files = (
				387EDF5F2BB3B57F000BAED5 /* ShoppingWishlistTableViewCell.xib in Resources */,
				542D020D2B5F71FD00C0B971 /* LaunchScreen.storyboard in Resources */,
				3853E25C2B7B0069009C071C /* RecipeDetails.storyboard in Resources */,
				542D020A2B5F71FD00C0B971 /* Assets.xcassets in Resources */,
				542D02082B5F71FC00C0B971 /* Main.storyboard in Resources */,
				388D43222BC2FC2800F08FF4 /* Localizable.strings in Resources */,
				38E3A7C52BB515DC007FE1F6 /* IngredientList.storyboard in Resources */,
				9BC848592B7C560E000BC5FE /* AddRecipe.storyboard in Resources */,
			);
			runOnlyForDeploymentPostprocessing = 0;
		};
/* End PBXResourcesBuildPhase section */

/* Begin PBXShellScriptBuildPhase section */
		6CE5C849CC725F7D5A087B7D /* [CP] Check Pods Manifest.lock */ = {
			isa = PBXShellScriptBuildPhase;
			buildActionMask = 2147483647;
			files = (
			);
			inputFileListPaths = (
			);
			inputPaths = (
				"${PODS_PODFILE_DIR_PATH}/Podfile.lock",
				"${PODS_ROOT}/Manifest.lock",
			);
			name = "[CP] Check Pods Manifest.lock";
			outputFileListPaths = (
			);
			outputPaths = (
				"$(DERIVED_FILE_DIR)/Pods-DishDeck-checkManifestLockResult.txt",
			);
			runOnlyForDeploymentPostprocessing = 0;
			shellPath = /bin/sh;
			shellScript = "diff \"${PODS_PODFILE_DIR_PATH}/Podfile.lock\" \"${PODS_ROOT}/Manifest.lock\" > /dev/null\nif [ $? != 0 ] ; then\n    # print error to STDERR\n    echo \"error: The sandbox is not in sync with the Podfile.lock. Run 'pod install' or update your CocoaPods installation.\" >&2\n    exit 1\nfi\n# This output is used by Xcode 'outputs' to avoid re-running this script phase.\necho \"SUCCESS\" > \"${SCRIPT_OUTPUT_FILE_0}\"\n";
			showEnvVarsInLog = 0;
		};
		F22BCDD606EF139C80C6AAE3 /* [CP] Embed Pods Frameworks */ = {
			isa = PBXShellScriptBuildPhase;
			buildActionMask = 2147483647;
			files = (
			);
			inputFileListPaths = (
				"${PODS_ROOT}/Target Support Files/Pods-DishDeck/Pods-DishDeck-frameworks-${CONFIGURATION}-input-files.xcfilelist",
			);
			name = "[CP] Embed Pods Frameworks";
			outputFileListPaths = (
				"${PODS_ROOT}/Target Support Files/Pods-DishDeck/Pods-DishDeck-frameworks-${CONFIGURATION}-output-files.xcfilelist",
			);
			runOnlyForDeploymentPostprocessing = 0;
			shellPath = /bin/sh;
			shellScript = "\"${PODS_ROOT}/Target Support Files/Pods-DishDeck/Pods-DishDeck-frameworks.sh\"\n";
			showEnvVarsInLog = 0;
		};
/* End PBXShellScriptBuildPhase section */

/* Begin PBXSourcesBuildPhase section */
		542D01F92B5F71FC00C0B971 /* Sources */ = {
			isa = PBXSourcesBuildPhase;
			buildActionMask = 2147483647;
			files = (
				387EDF5E2BB3B57F000BAED5 /* ShoppingWishlistTableViewCell.swift in Sources */,
				38CFEA512B98169B00B844A7 /* RecipeCellModel.swift in Sources */,
				38CFEA4C2B98093400B844A7 /* AddIngredientsTableViewCell.swift in Sources */,
				38CFEA4E2B98134300B844A7 /* AddStepsTableViewCell.swift in Sources */,
				54A5010E2B7B1BD900DF95B2 /* IngredientsTableViewCell.swift in Sources */,
				54A501122B7B1D1C00DF95B2 /* RecipeDetailsViewController.swift in Sources */,
				9BC848572B7C55FD000BC5FE /* AddRecipeViewController.swift in Sources */,
				3853E24C2B7AF33D009C071C /* CartViewController.swift in Sources */,
				38E3A7C72BB5160F007FE1F6 /* IngredientListViewController.swift in Sources */,
				542D02052B5F71FC00C0B971 /* ViewController.swift in Sources */,
				3853E24E2B7AF348009C071C /* ProfileViewController.swift in Sources */,
				386439202B87BFB900427864 /* UserDefaultManager.swift in Sources */,
				0B663A3B2B7B1BC800740E20 /* RecipesTableViewCell.swift in Sources */,
				54A501102B7B1C2C00DF95B2 /* CookingStepsTableViewCell.swift in Sources */,
				386439262B87C27600427864 /* AddRecipeModel.swift in Sources */,
				542D02012B5F71FC00C0B971 /* AppDelegate.swift in Sources */,
				38CFEA462B96D72100B844A7 /* Util.swift in Sources */,
				542D02032B5F71FC00C0B971 /* SceneDelegate.swift in Sources */,
				3853E25A2B7AF756009C071C /* AppCoordinator.swift in Sources */,
			);
			runOnlyForDeploymentPostprocessing = 0;
		};
/* End PBXSourcesBuildPhase section */

/* Begin PBXVariantGroup section */
		388D43242BC2FC2800F08FF4 /* Localizable.strings */ = {
			isa = PBXVariantGroup;
			children = (
				388D43232BC2FC2800F08FF4 /* en */,
				388D43252BC2FC2B00F08FF4 /* fr */,
			);
			name = Localizable.strings;
			sourceTree = "<group>";
		};
		542D02062B5F71FC00C0B971 /* Main.storyboard */ = {
			isa = PBXVariantGroup;
			children = (
				542D02072B5F71FC00C0B971 /* Base */,
				388D431C2BC2FAEB00F08FF4 /* fr */,
				388D431F2BC2FB1500F08FF4 /* en */,
			);
			name = Main.storyboard;
			sourceTree = "<group>";
		};
		542D020B2B5F71FD00C0B971 /* LaunchScreen.storyboard */ = {
			isa = PBXVariantGroup;
			children = (
				542D020C2B5F71FD00C0B971 /* Base */,
				388D431D2BC2FAEB00F08FF4 /* fr */,
			);
			name = LaunchScreen.storyboard;
			sourceTree = "<group>";
		};
/* End PBXVariantGroup section */

/* Begin XCBuildConfiguration section */
		542D020F2B5F71FD00C0B971 /* Debug */ = {
			isa = XCBuildConfiguration;
			buildSettings = {
				ALWAYS_SEARCH_USER_PATHS = NO;
				ASSETCATALOG_COMPILER_GENERATE_SWIFT_ASSET_SYMBOL_EXTENSIONS = YES;
				CLANG_ANALYZER_LOCALIZABILITY_NONLOCALIZED = YES;
				CLANG_ANALYZER_NONNULL = YES;
				CLANG_ANALYZER_NUMBER_OBJECT_CONVERSION = YES_AGGRESSIVE;
				CLANG_CXX_LANGUAGE_STANDARD = "gnu++20";
				CLANG_ENABLE_MODULES = YES;
				CLANG_ENABLE_OBJC_ARC = YES;
				CLANG_ENABLE_OBJC_WEAK = YES;
				CLANG_WARN_BLOCK_CAPTURE_AUTORELEASING = YES;
				CLANG_WARN_BOOL_CONVERSION = YES;
				CLANG_WARN_COMMA = YES;
				CLANG_WARN_CONSTANT_CONVERSION = YES;
				CLANG_WARN_DEPRECATED_OBJC_IMPLEMENTATIONS = YES;
				CLANG_WARN_DIRECT_OBJC_ISA_USAGE = YES_ERROR;
				CLANG_WARN_DOCUMENTATION_COMMENTS = YES;
				CLANG_WARN_EMPTY_BODY = YES;
				CLANG_WARN_ENUM_CONVERSION = YES;
				CLANG_WARN_INFINITE_RECURSION = YES;
				CLANG_WARN_INT_CONVERSION = YES;
				CLANG_WARN_NON_LITERAL_NULL_CONVERSION = YES;
				CLANG_WARN_OBJC_IMPLICIT_RETAIN_SELF = YES;
				CLANG_WARN_OBJC_LITERAL_CONVERSION = YES;
				CLANG_WARN_OBJC_ROOT_CLASS = YES_ERROR;
				CLANG_WARN_QUOTED_INCLUDE_IN_FRAMEWORK_HEADER = YES;
				CLANG_WARN_RANGE_LOOP_ANALYSIS = YES;
				CLANG_WARN_STRICT_PROTOTYPES = YES;
				CLANG_WARN_SUSPICIOUS_MOVE = YES;
				CLANG_WARN_UNGUARDED_AVAILABILITY = YES_AGGRESSIVE;
				CLANG_WARN_UNREACHABLE_CODE = YES;
				CLANG_WARN__DUPLICATE_METHOD_MATCH = YES;
				COPY_PHASE_STRIP = NO;
				DEBUG_INFORMATION_FORMAT = dwarf;
				ENABLE_STRICT_OBJC_MSGSEND = YES;
				ENABLE_TESTABILITY = YES;
				ENABLE_USER_SCRIPT_SANDBOXING = NO;
				GCC_C_LANGUAGE_STANDARD = gnu17;
				GCC_DYNAMIC_NO_PIC = NO;
				GCC_NO_COMMON_BLOCKS = YES;
				GCC_OPTIMIZATION_LEVEL = 0;
				GCC_PREPROCESSOR_DEFINITIONS = (
					"DEBUG=1",
					"$(inherited)",
				);
				GCC_WARN_64_TO_32_BIT_CONVERSION = YES;
				GCC_WARN_ABOUT_RETURN_TYPE = YES_ERROR;
				GCC_WARN_UNDECLARED_SELECTOR = YES;
				GCC_WARN_UNINITIALIZED_AUTOS = YES_AGGRESSIVE;
				GCC_WARN_UNUSED_FUNCTION = YES;
				GCC_WARN_UNUSED_VARIABLE = YES;
				IPHONEOS_DEPLOYMENT_TARGET = 17.0;
				LOCALIZATION_PREFERS_STRING_CATALOGS = YES;
				MTL_ENABLE_DEBUG_INFO = INCLUDE_SOURCE;
				MTL_FAST_MATH = YES;
				ONLY_ACTIVE_ARCH = YES;
				SDKROOT = iphoneos;
				SWIFT_ACTIVE_COMPILATION_CONDITIONS = "DEBUG $(inherited)";
				SWIFT_OPTIMIZATION_LEVEL = "-Onone";
			};
			name = Debug;
		};
		542D02102B5F71FD00C0B971 /* Release */ = {
			isa = XCBuildConfiguration;
			buildSettings = {
				ALWAYS_SEARCH_USER_PATHS = NO;
				ASSETCATALOG_COMPILER_GENERATE_SWIFT_ASSET_SYMBOL_EXTENSIONS = YES;
				CLANG_ANALYZER_LOCALIZABILITY_NONLOCALIZED = YES;
				CLANG_ANALYZER_NONNULL = YES;
				CLANG_ANALYZER_NUMBER_OBJECT_CONVERSION = YES_AGGRESSIVE;
				CLANG_CXX_LANGUAGE_STANDARD = "gnu++20";
				CLANG_ENABLE_MODULES = YES;
				CLANG_ENABLE_OBJC_ARC = YES;
				CLANG_ENABLE_OBJC_WEAK = YES;
				CLANG_WARN_BLOCK_CAPTURE_AUTORELEASING = YES;
				CLANG_WARN_BOOL_CONVERSION = YES;
				CLANG_WARN_COMMA = YES;
				CLANG_WARN_CONSTANT_CONVERSION = YES;
				CLANG_WARN_DEPRECATED_OBJC_IMPLEMENTATIONS = YES;
				CLANG_WARN_DIRECT_OBJC_ISA_USAGE = YES_ERROR;
				CLANG_WARN_DOCUMENTATION_COMMENTS = YES;
				CLANG_WARN_EMPTY_BODY = YES;
				CLANG_WARN_ENUM_CONVERSION = YES;
				CLANG_WARN_INFINITE_RECURSION = YES;
				CLANG_WARN_INT_CONVERSION = YES;
				CLANG_WARN_NON_LITERAL_NULL_CONVERSION = YES;
				CLANG_WARN_OBJC_IMPLICIT_RETAIN_SELF = YES;
				CLANG_WARN_OBJC_LITERAL_CONVERSION = YES;
				CLANG_WARN_OBJC_ROOT_CLASS = YES_ERROR;
				CLANG_WARN_QUOTED_INCLUDE_IN_FRAMEWORK_HEADER = YES;
				CLANG_WARN_RANGE_LOOP_ANALYSIS = YES;
				CLANG_WARN_STRICT_PROTOTYPES = YES;
				CLANG_WARN_SUSPICIOUS_MOVE = YES;
				CLANG_WARN_UNGUARDED_AVAILABILITY = YES_AGGRESSIVE;
				CLANG_WARN_UNREACHABLE_CODE = YES;
				CLANG_WARN__DUPLICATE_METHOD_MATCH = YES;
				COPY_PHASE_STRIP = NO;
				DEBUG_INFORMATION_FORMAT = "dwarf-with-dsym";
				ENABLE_NS_ASSERTIONS = NO;
				ENABLE_STRICT_OBJC_MSGSEND = YES;
				ENABLE_USER_SCRIPT_SANDBOXING = NO;
				GCC_C_LANGUAGE_STANDARD = gnu17;
				GCC_NO_COMMON_BLOCKS = YES;
				GCC_WARN_64_TO_32_BIT_CONVERSION = YES;
				GCC_WARN_ABOUT_RETURN_TYPE = YES_ERROR;
				GCC_WARN_UNDECLARED_SELECTOR = YES;
				GCC_WARN_UNINITIALIZED_AUTOS = YES_AGGRESSIVE;
				GCC_WARN_UNUSED_FUNCTION = YES;
				GCC_WARN_UNUSED_VARIABLE = YES;
				IPHONEOS_DEPLOYMENT_TARGET = 17.0;
				LOCALIZATION_PREFERS_STRING_CATALOGS = YES;
				MTL_ENABLE_DEBUG_INFO = NO;
				MTL_FAST_MATH = YES;
				SDKROOT = iphoneos;
				SWIFT_COMPILATION_MODE = wholemodule;
				VALIDATE_PRODUCT = YES;
			};
			name = Release;
		};
		542D02122B5F71FD00C0B971 /* Debug */ = {
			isa = XCBuildConfiguration;
			baseConfigurationReference = 4F550E7FB77F9261ECD72A28 /* Pods-DishDeck.debug.xcconfig */;
			buildSettings = {
				ASSETCATALOG_COMPILER_APPICON_NAME = AppIcon;
				ASSETCATALOG_COMPILER_GLOBAL_ACCENT_COLOR_NAME = AccentColor;
				CODE_SIGN_STYLE = Automatic;
				CURRENT_PROJECT_VERSION = 1;
				DEVELOPMENT_TEAM = 4JN2ZQTN8B;
				GENERATE_INFOPLIST_FILE = YES;
				INFOPLIST_FILE = DishDeck/Info.plist;
				INFOPLIST_KEY_UIApplicationSupportsIndirectInputEvents = YES;
				INFOPLIST_KEY_UILaunchStoryboardName = LaunchScreen;
				INFOPLIST_KEY_UIMainStoryboardFile = Main;
				INFOPLIST_KEY_UISupportedInterfaceOrientations_iPad = "UIInterfaceOrientationPortrait UIInterfaceOrientationPortraitUpsideDown UIInterfaceOrientationLandscapeLeft UIInterfaceOrientationLandscapeRight";
				INFOPLIST_KEY_UISupportedInterfaceOrientations_iPhone = "UIInterfaceOrientationPortrait UIInterfaceOrientationLandscapeLeft UIInterfaceOrientationLandscapeRight";
				LD_RUNPATH_SEARCH_PATHS = (
					"$(inherited)",
					"@executable_path/Frameworks",
				);
				MARKETING_VERSION = 1.0;
				PRODUCT_BUNDLE_IDENTIFIER = com.example.atulmanandhar.DishDeck;
				PRODUCT_NAME = "$(TARGET_NAME)";
				SWIFT_EMIT_LOC_STRINGS = YES;
				SWIFT_VERSION = 5.0;
				TARGETED_DEVICE_FAMILY = "1,2";
			};
			name = Debug;
		};
		542D02132B5F71FD00C0B971 /* Release */ = {
			isa = XCBuildConfiguration;
			baseConfigurationReference = DFC8B1C85981B46921AD0B0F /* Pods-DishDeck.release.xcconfig */;
			buildSettings = {
				ASSETCATALOG_COMPILER_APPICON_NAME = AppIcon;
				ASSETCATALOG_COMPILER_GLOBAL_ACCENT_COLOR_NAME = AccentColor;
				CODE_SIGN_STYLE = Automatic;
				CURRENT_PROJECT_VERSION = 1;
				DEVELOPMENT_TEAM = 4JN2ZQTN8B;
				GENERATE_INFOPLIST_FILE = YES;
				INFOPLIST_FILE = DishDeck/Info.plist;
				INFOPLIST_KEY_UIApplicationSupportsIndirectInputEvents = YES;
				INFOPLIST_KEY_UILaunchStoryboardName = LaunchScreen;
				INFOPLIST_KEY_UIMainStoryboardFile = Main;
				INFOPLIST_KEY_UISupportedInterfaceOrientations_iPad = "UIInterfaceOrientationPortrait UIInterfaceOrientationPortraitUpsideDown UIInterfaceOrientationLandscapeLeft UIInterfaceOrientationLandscapeRight";
				INFOPLIST_KEY_UISupportedInterfaceOrientations_iPhone = "UIInterfaceOrientationPortrait UIInterfaceOrientationLandscapeLeft UIInterfaceOrientationLandscapeRight";
				LD_RUNPATH_SEARCH_PATHS = (
					"$(inherited)",
					"@executable_path/Frameworks",
				);
				MARKETING_VERSION = 1.0;
				PRODUCT_BUNDLE_IDENTIFIER = com.example.atulmanandhar.DishDeck;
				PRODUCT_NAME = "$(TARGET_NAME)";
				SWIFT_EMIT_LOC_STRINGS = YES;
				SWIFT_VERSION = 5.0;
				TARGETED_DEVICE_FAMILY = "1,2";
			};
			name = Release;
		};
/* End XCBuildConfiguration section */

/* Begin XCConfigurationList section */
		542D01F82B5F71FB00C0B971 /* Build configuration list for PBXProject "DishDeck" */ = {
			isa = XCConfigurationList;
			buildConfigurations = (
				542D020F2B5F71FD00C0B971 /* Debug */,
				542D02102B5F71FD00C0B971 /* Release */,
			);
			defaultConfigurationIsVisible = 0;
			defaultConfigurationName = Release;
		};
		542D02112B5F71FD00C0B971 /* Build configuration list for PBXNativeTarget "DishDeck" */ = {
			isa = XCConfigurationList;
			buildConfigurations = (
				542D02122B5F71FD00C0B971 /* Debug */,
				542D02132B5F71FD00C0B971 /* Release */,
			);
			defaultConfigurationIsVisible = 0;
			defaultConfigurationName = Release;
		};
/* End XCConfigurationList section */
	};
	rootObject = 542D01F52B5F71FB00C0B971 /* Project object */;
}
