// !$*UTF8*$!
{
	archiveVersion = 1;
	classes = {
	};
	objectVersion = 56;
	objects = {

/* Begin PBXBuildFile section */
		3853E24C2B7AF33D009C071C /* CartViewController.swift in Sources */ = {isa = PBXBuildFile; fileRef = 3853E24B2B7AF33D009C071C /* CartViewController.swift */; };
		3853E24E2B7AF348009C071C /* ProfileViewController.swift in Sources */ = {isa = PBXBuildFile; fileRef = 3853E24D2B7AF348009C071C /* ProfileViewController.swift */; };
		3853E25A2B7AF756009C071C /* AppCoordinator.swift in Sources */ = {isa = PBXBuildFile; fileRef = 3853E2592B7AF756009C071C /* AppCoordinator.swift */; };
		3853E25C2B7B0069009C071C /* RecipeDetails.storyboard in Resources */ = {isa = PBXBuildFile; fileRef = 3853E25B2B7B0069009C071C /* RecipeDetails.storyboard */; };
		3853E25E2B7B007C009C071C /* RecipeDetailsViewController.swift in Sources */ = {isa = PBXBuildFile; fileRef = 3853E25D2B7B007C009C071C /* RecipeDetailsViewController.swift */; };
		542D02012B5F71FC00C0B971 /* AppDelegate.swift in Sources */ = {isa = PBXBuildFile; fileRef = 542D02002B5F71FC00C0B971 /* AppDelegate.swift */; };
		542D02032B5F71FC00C0B971 /* SceneDelegate.swift in Sources */ = {isa = PBXBuildFile; fileRef = 542D02022B5F71FC00C0B971 /* SceneDelegate.swift */; };
		542D02052B5F71FC00C0B971 /* ViewController.swift in Sources */ = {isa = PBXBuildFile; fileRef = 542D02042B5F71FC00C0B971 /* ViewController.swift */; };
		542D02082B5F71FC00C0B971 /* Main.storyboard in Resources */ = {isa = PBXBuildFile; fileRef = 542D02062B5F71FC00C0B971 /* Main.storyboard */; };
		542D020A2B5F71FD00C0B971 /* Assets.xcassets in Resources */ = {isa = PBXBuildFile; fileRef = 542D02092B5F71FD00C0B971 /* Assets.xcassets */; };
		542D020D2B5F71FD00C0B971 /* LaunchScreen.storyboard in Resources */ = {isa = PBXBuildFile; fileRef = 542D020B2B5F71FD00C0B971 /* LaunchScreen.storyboard */; };
/* End PBXBuildFile section */

/* Begin PBXFileReference section */
		3853E24B2B7AF33D009C071C /* CartViewController.swift */ = {isa = PBXFileReference; lastKnownFileType = sourcecode.swift; path = CartViewController.swift; sourceTree = "<group>"; };
		3853E24D2B7AF348009C071C /* ProfileViewController.swift */ = {isa = PBXFileReference; lastKnownFileType = sourcecode.swift; path = ProfileViewController.swift; sourceTree = "<group>"; };
		3853E2592B7AF756009C071C /* AppCoordinator.swift */ = {isa = PBXFileReference; lastKnownFileType = sourcecode.swift; path = AppCoordinator.swift; sourceTree = "<group>"; };
		3853E25B2B7B0069009C071C /* RecipeDetails.storyboard */ = {isa = PBXFileReference; lastKnownFileType = file.storyboard; path = RecipeDetails.storyboard; sourceTree = "<group>"; };
		3853E25D2B7B007C009C071C /* RecipeDetailsViewController.swift */ = {isa = PBXFileReference; lastKnownFileType = sourcecode.swift; path = RecipeDetailsViewController.swift; sourceTree = "<group>"; };
		542D01FD2B5F71FC00C0B971 /* DishDeck.app */ = {isa = PBXFileReference; explicitFileType = wrapper.application; includeInIndex = 0; path = DishDeck.app; sourceTree = BUILT_PRODUCTS_DIR; };
		542D02002B5F71FC00C0B971 /* AppDelegate.swift */ = {isa = PBXFileReference; lastKnownFileType = sourcecode.swift; path = AppDelegate.swift; sourceTree = "<group>"; };
		542D02022B5F71FC00C0B971 /* SceneDelegate.swift */ = {isa = PBXFileReference; lastKnownFileType = sourcecode.swift; path = SceneDelegate.swift; sourceTree = "<group>"; };
		542D02042B5F71FC00C0B971 /* ViewController.swift */ = {isa = PBXFileReference; lastKnownFileType = sourcecode.swift; path = ViewController.swift; sourceTree = "<group>"; };
		542D02072B5F71FC00C0B971 /* Base */ = {isa = PBXFileReference; lastKnownFileType = file.storyboard; name = Base; path = Base.lproj/Main.storyboard; sourceTree = "<group>"; };
		542D02092B5F71FD00C0B971 /* Assets.xcassets */ = {isa = PBXFileReference; lastKnownFileType = folder.assetcatalog; path = Assets.xcassets; sourceTree = "<group>"; };
		542D020C2B5F71FD00C0B971 /* Base */ = {isa = PBXFileReference; lastKnownFileType = file.storyboard; name = Base; path = Base.lproj/LaunchScreen.storyboard; sourceTree = "<group>"; };
		542D020E2B5F71FD00C0B971 /* Info.plist */ = {isa = PBXFileReference; lastKnownFileType = text.plist.xml; path = Info.plist; sourceTree = "<group>"; };
/* End PBXFileReference section */

/* Begin PBXFrameworksBuildPhase section */
		542D01FA2B5F71FC00C0B971 /* Frameworks */ = {
			isa = PBXFrameworksBuildPhase;
			buildActionMask = 2147483647;
			files = (
			);
			runOnlyForDeploymentPostprocessing = 0;
		};
/* End PBXFrameworksBuildPhase section */

/* Begin PBXGroup section */
		3853E2512B7AF44F009C071C /* Home */ = {
			isa = PBXGroup;
			children = (
				542D02042B5F71FC00C0B971 /* ViewController.swift */,
				542D02062B5F71FC00C0B971 /* Main.storyboard */,
			);
			path = Home;
			sourceTree = "<group>";
		};
		3853E2572B7AF49C009C071C /* Profile */ = {
			isa = PBXGroup;
			children = (
				3853E24D2B7AF348009C071C /* ProfileViewController.swift */,
			);
			path = Profile;
			sourceTree = "<group>";
		};
		3853E2582B7AF534009C071C /* Cart */ = {
			isa = PBXGroup;
			children = (
				3853E24B2B7AF33D009C071C /* CartViewController.swift */,
			);
			path = Cart;
			sourceTree = "<group>";
		};
		542D01F42B5F71FB00C0B971 = {
			isa = PBXGroup;
			children = (
				542D01FF2B5F71FC00C0B971 /* DishDeck */,
				542D01FE2B5F71FC00C0B971 /* Products */,
			);
			sourceTree = "<group>";
		};
		542D01FE2B5F71FC00C0B971 /* Products */ = {
			isa = PBXGroup;
			children = (
				542D01FD2B5F71FC00C0B971 /* DishDeck.app */,
			);
			name = Products;
			sourceTree = "<group>";
		};
		542D01FF2B5F71FC00C0B971 /* DishDeck */ = {
			isa = PBXGroup;
			children = (
				542D02002B5F71FC00C0B971 /* AppDelegate.swift */,
				3853E2592B7AF756009C071C /* AppCoordinator.swift */,
				542D02022B5F71FC00C0B971 /* SceneDelegate.swift */,
				3853E25B2B7B0069009C071C /* RecipeDetails.storyboard */,
				3853E25D2B7B007C009C071C /* RecipeDetailsViewController.swift */,
				3853E2512B7AF44F009C071C /* Home */,
				3853E2582B7AF534009C071C /* Cart */,
				3853E2572B7AF49C009C071C /* Profile */,
				542D02092B5F71FD00C0B971 /* Assets.xcassets */,
				542D020B2B5F71FD00C0B971 /* LaunchScreen.storyboard */,
				542D020E2B5F71FD00C0B971 /* Info.plist */,
			);
			path = DishDeck;
			sourceTree = "<group>";
		};
/* End PBXGroup section */

/* Begin PBXNativeTarget section */
		542D01FC2B5F71FC00C0B971 /* DishDeck */ = {
			isa = PBXNativeTarget;
			buildConfigurationList = 542D02112B5F71FD00C0B971 /* Build configuration list for PBXNativeTarget "DishDeck" */;
			buildPhases = (
				542D01F92B5F71FC00C0B971 /* Sources */,
				542D01FA2B5F71FC00C0B971 /* Frameworks */,
				542D01FB2B5F71FC00C0B971 /* Resources */,
			);
			buildRules = (
			);
			dependencies = (
			);
			name = DishDeck;
			productName = DishDeck;
			productReference = 542D01FD2B5F71FC00C0B971 /* DishDeck.app */;
			productType = "com.apple.product-type.application";
		};
/* End PBXNativeTarget section */

/* Begin PBXProject section */
		542D01F52B5F71FB00C0B971 /* Project object */ = {
			isa = PBXProject;
			attributes = {
				BuildIndependentTargetsInParallel = 1;
				LastSwiftUpdateCheck = 1500;
				LastUpgradeCheck = 1500;
				TargetAttributes = {
					542D01FC2B5F71FC00C0B971 = {
						CreatedOnToolsVersion = 15.0.1;
					};
				};
			};
			buildConfigurationList = 542D01F82B5F71FB00C0B971 /* Build configuration list for PBXProject "DishDeck" */;
			compatibilityVersion = "Xcode 14.0";
			developmentRegion = en;
			hasScannedForEncodings = 0;
			knownRegions = (
				en,
				Base,
			);
			mainGroup = 542D01F42B5F71FB00C0B971;
			productRefGroup = 542D01FE2B5F71FC00C0B971 /* Products */;
			projectDirPath = "";
			projectRoot = "";
			targets = (
				542D01FC2B5F71FC00C0B971 /* DishDeck */,
			);
		};
/* End PBXProject section */

/* Begin PBXResourcesBuildPhase section */
		542D01FB2B5F71FC00C0B971 /* Resources */ = {
			isa = PBXResourcesBuildPhase;
			buildActionMask = 2147483647;
			files = (
				542D020D2B5F71FD00C0B971 /* LaunchScreen.storyboard in Resources */,
				3853E25C2B7B0069009C071C /* RecipeDetails.storyboard in Resources */,
				542D020A2B5F71FD00C0B971 /* Assets.xcassets in Resources */,
				542D02082B5F71FC00C0B971 /* Main.storyboard in Resources */,
			);
			runOnlyForDeploymentPostprocessing = 0;
		};
/* End PBXResourcesBuildPhase section */

/* Begin PBXSourcesBuildPhase section */
		542D01F92B5F71FC00C0B971 /* Sources */ = {
			isa = PBXSourcesBuildPhase;
			buildActionMask = 2147483647;
			files = (
				3853E24C2B7AF33D009C071C /* CartViewController.swift in Sources */,
				542D02052B5F71FC00C0B971 /* ViewController.swift in Sources */,
				3853E24E2B7AF348009C071C /* ProfileViewController.swift in Sources */,
				3853E25E2B7B007C009C071C /* RecipeDetailsViewController.swift in Sources */,
				542D02012B5F71FC00C0B971 /* AppDelegate.swift in Sources */,
				542D02032B5F71FC00C0B971 /* SceneDelegate.swift in Sources */,
				3853E25A2B7AF756009C071C /* AppCoordinator.swift in Sources */,
			);
			runOnlyForDeploymentPostprocessing = 0;
		};
/* End PBXSourcesBuildPhase section */

/* Begin PBXVariantGroup section */
		542D02062B5F71FC00C0B971 /* Main.storyboard */ = {
			isa = PBXVariantGroup;
			children = (
				542D02072B5F71FC00C0B971 /* Base */,
			);
			name = Main.storyboard;
			sourceTree = "<group>";
		};
		542D020B2B5F71FD00C0B971 /* LaunchScreen.storyboard */ = {
			isa = PBXVariantGroup;
			children = (
				542D020C2B5F71FD00C0B971 /* Base */,
			);
			name = LaunchScreen.storyboard;
			sourceTree = "<group>";
		};
/* End PBXVariantGroup section */

/* Begin XCBuildConfiguration section */
		542D020F2B5F71FD00C0B971 /* Debug */ = {
			isa = XCBuildConfiguration;
			buildSettings = {
				ALWAYS_SEARCH_USER_PATHS = NO;
				ASSETCATALOG_COMPILER_GENERATE_SWIFT_ASSET_SYMBOL_EXTENSIONS = YES;
				CLANG_ANALYZER_NONNULL = YES;
				CLANG_ANALYZER_NUMBER_OBJECT_CONVERSION = YES_AGGRESSIVE;
				CLANG_CXX_LANGUAGE_STANDARD = "gnu++20";
				CLANG_ENABLE_MODULES = YES;
				CLANG_ENABLE_OBJC_ARC = YES;
				CLANG_ENABLE_OBJC_WEAK = YES;
				CLANG_WARN_BLOCK_CAPTURE_AUTORELEASING = YES;
				CLANG_WARN_BOOL_CONVERSION = YES;
				CLANG_WARN_COMMA = YES;
				CLANG_WARN_CONSTANT_CONVERSION = YES;
				CLANG_WARN_DEPRECATED_OBJC_IMPLEMENTATIONS = YES;
				CLANG_WARN_DIRECT_OBJC_ISA_USAGE = YES_ERROR;
				CLANG_WARN_DOCUMENTATION_COMMENTS = YES;
				CLANG_WARN_EMPTY_BODY = YES;
				CLANG_WARN_ENUM_CONVERSION = YES;
				CLANG_WARN_INFINITE_RECURSION = YES;
				CLANG_WARN_INT_CONVERSION = YES;
				CLANG_WARN_NON_LITERAL_NULL_CONVERSION = YES;
				CLANG_WARN_OBJC_IMPLICIT_RETAIN_SELF = YES;
				CLANG_WARN_OBJC_LITERAL_CONVERSION = YES;
				CLANG_WARN_OBJC_ROOT_CLASS = YES_ERROR;
				CLANG_WARN_QUOTED_INCLUDE_IN_FRAMEWORK_HEADER = YES;
				CLANG_WARN_RANGE_LOOP_ANALYSIS = YES;
				CLANG_WARN_STRICT_PROTOTYPES = YES;
				CLANG_WARN_SUSPICIOUS_MOVE = YES;
				CLANG_WARN_UNGUARDED_AVAILABILITY = YES_AGGRESSIVE;
				CLANG_WARN_UNREACHABLE_CODE = YES;
				CLANG_WARN__DUPLICATE_METHOD_MATCH = YES;
				COPY_PHASE_STRIP = NO;
				DEBUG_INFORMATION_FORMAT = dwarf;
				ENABLE_STRICT_OBJC_MSGSEND = YES;
				ENABLE_TESTABILITY = YES;
				ENABLE_USER_SCRIPT_SANDBOXING = YES;
				GCC_C_LANGUAGE_STANDARD = gnu17;
				GCC_DYNAMIC_NO_PIC = NO;
				GCC_NO_COMMON_BLOCKS = YES;
				GCC_OPTIMIZATION_LEVEL = 0;
				GCC_PREPROCESSOR_DEFINITIONS = (
					"DEBUG=1",
					"$(inherited)",
				);
				GCC_WARN_64_TO_32_BIT_CONVERSION = YES;
				GCC_WARN_ABOUT_RETURN_TYPE = YES_ERROR;
				GCC_WARN_UNDECLARED_SELECTOR = YES;
				GCC_WARN_UNINITIALIZED_AUTOS = YES_AGGRESSIVE;
				GCC_WARN_UNUSED_FUNCTION = YES;
				GCC_WARN_UNUSED_VARIABLE = YES;
				IPHONEOS_DEPLOYMENT_TARGET = 17.0;
				LOCALIZATION_PREFERS_STRING_CATALOGS = YES;
				MTL_ENABLE_DEBUG_INFO = INCLUDE_SOURCE;
				MTL_FAST_MATH = YES;
				ONLY_ACTIVE_ARCH = YES;
				SDKROOT = iphoneos;
				SWIFT_ACTIVE_COMPILATION_CONDITIONS = "DEBUG $(inherited)";
				SWIFT_OPTIMIZATION_LEVEL = "-Onone";
			};
			name = Debug;
		};
		542D02102B5F71FD00C0B971 /* Release */ = {
			isa = XCBuildConfiguration;
			buildSettings = {
				ALWAYS_SEARCH_USER_PATHS = NO;
				ASSETCATALOG_COMPILER_GENERATE_SWIFT_ASSET_SYMBOL_EXTENSIONS = YES;
				CLANG_ANALYZER_NONNULL = YES;
				CLANG_ANALYZER_NUMBER_OBJECT_CONVERSION = YES_AGGRESSIVE;
				CLANG_CXX_LANGUAGE_STANDARD = "gnu++20";
				CLANG_ENABLE_MODULES = YES;
				CLANG_ENABLE_OBJC_ARC = YES;
				CLANG_ENABLE_OBJC_WEAK = YES;
				CLANG_WARN_BLOCK_CAPTURE_AUTORELEASING = YES;
				CLANG_WARN_BOOL_CONVERSION = YES;
				CLANG_WARN_COMMA = YES;
				CLANG_WARN_CONSTANT_CONVERSION = YES;
				CLANG_WARN_DEPRECATED_OBJC_IMPLEMENTATIONS = YES;
				CLANG_WARN_DIRECT_OBJC_ISA_USAGE = YES_ERROR;
				CLANG_WARN_DOCUMENTATION_COMMENTS = YES;
				CLANG_WARN_EMPTY_BODY = YES;
				CLANG_WARN_ENUM_CONVERSION = YES;
				CLANG_WARN_INFINITE_RECURSION = YES;
				CLANG_WARN_INT_CONVERSION = YES;
				CLANG_WARN_NON_LITERAL_NULL_CONVERSION = YES;
				CLANG_WARN_OBJC_IMPLICIT_RETAIN_SELF = YES;
				CLANG_WARN_OBJC_LITERAL_CONVERSION = YES;
				CLANG_WARN_OBJC_ROOT_CLASS = YES_ERROR;
				CLANG_WARN_QUOTED_INCLUDE_IN_FRAMEWORK_HEADER = YES;
				CLANG_WARN_RANGE_LOOP_ANALYSIS = YES;
				CLANG_WARN_STRICT_PROTOTYPES = YES;
				CLANG_WARN_SUSPICIOUS_MOVE = YES;
				CLANG_WARN_UNGUARDED_AVAILABILITY = YES_AGGRESSIVE;
				CLANG_WARN_UNREACHABLE_CODE = YES;
				CLANG_WARN__DUPLICATE_METHOD_MATCH = YES;
				COPY_PHASE_STRIP = NO;
				DEBUG_INFORMATION_FORMAT = "dwarf-with-dsym";
				ENABLE_NS_ASSERTIONS = NO;
				ENABLE_STRICT_OBJC_MSGSEND = YES;
				ENABLE_USER_SCRIPT_SANDBOXING = YES;
				GCC_C_LANGUAGE_STANDARD = gnu17;
				GCC_NO_COMMON_BLOCKS = YES;
				GCC_WARN_64_TO_32_BIT_CONVERSION = YES;
				GCC_WARN_ABOUT_RETURN_TYPE = YES_ERROR;
				GCC_WARN_UNDECLARED_SELECTOR = YES;
				GCC_WARN_UNINITIALIZED_AUTOS = YES_AGGRESSIVE;
				GCC_WARN_UNUSED_FUNCTION = YES;
				GCC_WARN_UNUSED_VARIABLE = YES;
				IPHONEOS_DEPLOYMENT_TARGET = 17.0;
				LOCALIZATION_PREFERS_STRING_CATALOGS = YES;
				MTL_ENABLE_DEBUG_INFO = NO;
				MTL_FAST_MATH = YES;
				SDKROOT = iphoneos;
				SWIFT_COMPILATION_MODE = wholemodule;
				VALIDATE_PRODUCT = YES;
			};
			name = Release;
		};
		542D02122B5F71FD00C0B971 /* Debug */ = {
			isa = XCBuildConfiguration;
			buildSettings = {
				ASSETCATALOG_COMPILER_APPICON_NAME = AppIcon;
				ASSETCATALOG_COMPILER_GLOBAL_ACCENT_COLOR_NAME = AccentColor;
				CODE_SIGN_STYLE = Automatic;
				CURRENT_PROJECT_VERSION = 1;
				GENERATE_INFOPLIST_FILE = YES;
				INFOPLIST_FILE = DishDeck/Info.plist;
				INFOPLIST_KEY_UIApplicationSupportsIndirectInputEvents = YES;
				INFOPLIST_KEY_UILaunchStoryboardName = LaunchScreen;
				INFOPLIST_KEY_UIMainStoryboardFile = Main;
				INFOPLIST_KEY_UISupportedInterfaceOrientations_iPad = "UIInterfaceOrientationPortrait UIInterfaceOrientationPortraitUpsideDown UIInterfaceOrientationLandscapeLeft UIInterfaceOrientationLandscapeRight";
				INFOPLIST_KEY_UISupportedInterfaceOrientations_iPhone = "UIInterfaceOrientationPortrait UIInterfaceOrientationLandscapeLeft UIInterfaceOrientationLandscapeRight";
				LD_RUNPATH_SEARCH_PATHS = (
					"$(inherited)",
					"@executable_path/Frameworks",
				);
				MARKETING_VERSION = 1.0;
				PRODUCT_BUNDLE_IDENTIFIER = com.example.atulmanandhar.DishDeck;
				PRODUCT_NAME = "$(TARGET_NAME)";
				SWIFT_EMIT_LOC_STRINGS = YES;
				SWIFT_VERSION = 5.0;
				TARGETED_DEVICE_FAMILY = "1,2";
			};
			name = Debug;
		};
		542D02132B5F71FD00C0B971 /* Release */ = {
			isa = XCBuildConfiguration;
			buildSettings = {
				ASSETCATALOG_COMPILER_APPICON_NAME = AppIcon;
				ASSETCATALOG_COMPILER_GLOBAL_ACCENT_COLOR_NAME = AccentColor;
				CODE_SIGN_STYLE = Automatic;
				CURRENT_PROJECT_VERSION = 1;
				GENERATE_INFOPLIST_FILE = YES;
				INFOPLIST_FILE = DishDeck/Info.plist;
				INFOPLIST_KEY_UIApplicationSupportsIndirectInputEvents = YES;
				INFOPLIST_KEY_UILaunchStoryboardName = LaunchScreen;
				INFOPLIST_KEY_UIMainStoryboardFile = Main;
				INFOPLIST_KEY_UISupportedInterfaceOrientations_iPad = "UIInterfaceOrientationPortrait UIInterfaceOrientationPortraitUpsideDown UIInterfaceOrientationLandscapeLeft UIInterfaceOrientationLandscapeRight";
				INFOPLIST_KEY_UISupportedInterfaceOrientations_iPhone = "UIInterfaceOrientationPortrait UIInterfaceOrientationLandscapeLeft UIInterfaceOrientationLandscapeRight";
				LD_RUNPATH_SEARCH_PATHS = (
					"$(inherited)",
					"@executable_path/Frameworks",
				);
				MARKETING_VERSION = 1.0;
				PRODUCT_BUNDLE_IDENTIFIER = com.example.atulmanandhar.DishDeck;
				PRODUCT_NAME = "$(TARGET_NAME)";
				SWIFT_EMIT_LOC_STRINGS = YES;
				SWIFT_VERSION = 5.0;
				TARGETED_DEVICE_FAMILY = "1,2";
			};
			name = Release;
		};
/* End XCBuildConfiguration section */

/* Begin XCConfigurationList section */
		542D01F82B5F71FB00C0B971 /* Build configuration list for PBXProject "DishDeck" */ = {
			isa = XCConfigurationList;
			buildConfigurations = (
				542D020F2B5F71FD00C0B971 /* Debug */,
				542D02102B5F71FD00C0B971 /* Release */,
			);
			defaultConfigurationIsVisible = 0;
			defaultConfigurationName = Release;
		};
		542D02112B5F71FD00C0B971 /* Build configuration list for PBXNativeTarget "DishDeck" */ = {
			isa = XCConfigurationList;
			buildConfigurations = (
				542D02122B5F71FD00C0B971 /* Debug */,
				542D02132B5F71FD00C0B971 /* Release */,
			);
			defaultConfigurationIsVisible = 0;
			defaultConfigurationName = Release;
		};
/* End XCConfigurationList section */
	};
	rootObject = 542D01F52B5F71FB00C0B971 /* Project object */;
}
